
Microsoft Visual Studio Solution File, Format Version 12.00
# Visual Studio 14
VisualStudioVersion = 14.0.24720.0
MinimumVisualStudioVersion = 10.0.40219.1
Project("{FAE04EC0-301F-11D3-BF4B-00C04F79EFBC}") = "jamboard", "jamboard\jamboard.csproj", "{D301B401-BCFC-43E2-8810-06B29DC225E7}"
EndProject
Project("{FAE04EC0-301F-11D3-BF4B-00C04F79EFBC}") = "jamboard.Tests", "jamboard.Tests\jamboard.Tests.csproj", "{180E5722-A3F1-4232-9B40-78AAF4D6A10B}"
EndProject
Project("{2150E333-8FDC-42A3-9474-1A3956D46DE8}") = "screenshots", "screenshots", "{91D3E76E-F97D-46DA-850A-DB88656A5644}"
	ProjectSection(SolutionItems) = preProject
		..\..\..\..\Pictures\jamboard-px\Home-Index.PNG = ..\..\..\..\Pictures\jamboard-px\Home-Index.PNG
		..\..\..\..\Pictures\jamboard-px\Jams-Create.PNG = ..\..\..\..\Pictures\jamboard-px\Jams-Create.PNG
		..\..\..\..\Pictures\jamboard-px\Jams-Index.PNG = ..\..\..\..\Pictures\jamboard-px\Jams-Index.PNG
		..\..\..\..\Pictures\jamboard-px\SkaterJams.PNG = ..\..\..\..\Pictures\jamboard-px\SkaterJams.PNG
		..\..\..\..\Pictures\jamboard-px\Skaters-Edit.png = ..\..\..\..\Pictures\jamboard-px\Skaters-Edit.png
		..\..\..\..\Pictures\jamboard-px\Skaters-Index.PNG = ..\..\..\..\Pictures\jamboard-px\Skaters-Index.PNG
		..\..\..\..\Pictures\jamboard-px\Teams-Index.PNG = ..\..\..\..\Pictures\jamboard-px\Teams-Index.PNG
	EndProjectSection
EndProject
Global
	GlobalSection(SolutionConfigurationPlatforms) = preSolution
		Debug|Any CPU = Debug|Any CPU
		Release|Any CPU = Release|Any CPU
	EndGlobalSection
	GlobalSection(ProjectConfigurationPlatforms) = postSolution
		{D301B401-BCFC-43E2-8810-06B29DC225E7}.Debug|Any CPU.ActiveCfg = Debug|Any CPU
		{D301B401-BCFC-43E2-8810-06B29DC225E7}.Debug|Any CPU.Build.0 = Debug|Any CPU
		{D301B401-BCFC-43E2-8810-06B29DC225E7}.Release|Any CPU.ActiveCfg = Release|Any CPU
		{D301B401-BCFC-43E2-8810-06B29DC225E7}.Release|Any CPU.Build.0 = Release|Any CPU
		{180E5722-A3F1-4232-9B40-78AAF4D6A10B}.Debug|Any CPU.ActiveCfg = Debug|Any CPU
		{180E5722-A3F1-4232-9B40-78AAF4D6A10B}.Debug|Any CPU.Build.0 = Debug|Any CPU
		{180E5722-A3F1-4232-9B40-78AAF4D6A10B}.Release|Any CPU.ActiveCfg = Release|Any CPU
		{180E5722-A3F1-4232-9B40-78AAF4D6A10B}.Release|Any CPU.Build.0 = Release|Any CPU
	EndGlobalSection
	GlobalSection(SolutionProperties) = preSolution
		HideSolutionNode = FALSE
	EndGlobalSection
EndGlobal
